
Microsoft Visual Studio Solution File, Format Version 12.00
# Visual Studio Version 16
VisualStudioVersion = 16.0.30320.27
MinimumVisualStudioVersion = 10.0.40219.1
Project("{2150E333-8FDC-42A3-9474-1A3956D46DE8}") = "src", "src", "{DC0EEFF6-B502-4D95-A0F9-F021CE8BBA1A}"
EndProject
Project("{FAE04EC0-301F-11D3-BF4B-00C04F79EFBC}") = "CodeSign", "src\CodeSign\CodeSign.csproj", "{9CFB92E5-AAC0-4D12-B060-D34DD20A5AAB}"
EndProject
Project("{9A19103F-16F7-4668-BE54-9A1E7A4F7556}") = "CodeSignCore", "src\CodeSignCore\CodeSignCore.csproj", "{658CFB1F-D17F-4572-9A73-FC6F02EC0791}"
EndProject
Project("{9A19103F-16F7-4668-BE54-9A1E7A4F7556}") = "Utilitatem", "src\Utilitatem\Utilitatem.csproj", "{563D6B78-B253-40EA-B1CF-0B5839BA26F8}"
EndProject
Project("{9A19103F-16F7-4668-BE54-9A1E7A4F7556}") = "CleanCode", "src\CleanCode\CleanCode.csproj", "{22CDB2D8-B04A-4FEB-B55D-8064AB286875}"
EndProject
Global
	GlobalSection(SolutionConfigurationPlatforms) = preSolution
		Debug|Any CPU = Debug|Any CPU
		Release|Any CPU = Release|Any CPU
	EndGlobalSection
	GlobalSection(ProjectConfigurationPlatforms) = postSolution
		{9CFB92E5-AAC0-4D12-B060-D34DD20A5AAB}.Debug|Any CPU.ActiveCfg = Debug|Any CPU
		{9CFB92E5-AAC0-4D12-B060-D34DD20A5AAB}.Debug|Any CPU.Build.0 = Debug|Any CPU
		{9CFB92E5-AAC0-4D12-B060-D34DD20A5AAB}.Release|Any CPU.ActiveCfg = Release|Any CPU
		{9CFB92E5-AAC0-4D12-B060-D34DD20A5AAB}.Release|Any CPU.Build.0 = Release|Any CPU
		{658CFB1F-D17F-4572-9A73-FC6F02EC0791}.Debug|Any CPU.ActiveCfg = Debug|Any CPU
		{658CFB1F-D17F-4572-9A73-FC6F02EC0791}.Debug|Any CPU.Build.0 = Debug|Any CPU
		{658CFB1F-D17F-4572-9A73-FC6F02EC0791}.Release|Any CPU.ActiveCfg = Release|Any CPU
		{658CFB1F-D17F-4572-9A73-FC6F02EC0791}.Release|Any CPU.Build.0 = Release|Any CPU
		{563D6B78-B253-40EA-B1CF-0B5839BA26F8}.Debug|Any CPU.ActiveCfg = Debug|Any CPU
		{563D6B78-B253-40EA-B1CF-0B5839BA26F8}.Debug|Any CPU.Build.0 = Debug|Any CPU
		{563D6B78-B253-40EA-B1CF-0B5839BA26F8}.Release|Any CPU.ActiveCfg = Release|Any CPU
		{563D6B78-B253-40EA-B1CF-0B5839BA26F8}.Release|Any CPU.Build.0 = Release|Any CPU
		{22CDB2D8-B04A-4FEB-B55D-8064AB286875}.Debug|Any CPU.ActiveCfg = Debug|Any CPU
		{22CDB2D8-B04A-4FEB-B55D-8064AB286875}.Debug|Any CPU.Build.0 = Debug|Any CPU
		{22CDB2D8-B04A-4FEB-B55D-8064AB286875}.Release|Any CPU.ActiveCfg = Release|Any CPU
		{22CDB2D8-B04A-4FEB-B55D-8064AB286875}.Release|Any CPU.Build.0 = Release|Any CPU
	EndGlobalSection
	GlobalSection(SolutionProperties) = preSolution
		HideSolutionNode = FALSE
	EndGlobalSection
	GlobalSection(NestedProjects) = preSolution
		{9CFB92E5-AAC0-4D12-B060-D34DD20A5AAB} = {DC0EEFF6-B502-4D95-A0F9-F021CE8BBA1A}
		{658CFB1F-D17F-4572-9A73-FC6F02EC0791} = {DC0EEFF6-B502-4D95-A0F9-F021CE8BBA1A}
		{563D6B78-B253-40EA-B1CF-0B5839BA26F8} = {DC0EEFF6-B502-4D95-A0F9-F021CE8BBA1A}
		{22CDB2D8-B04A-4FEB-B55D-8064AB286875} = {DC0EEFF6-B502-4D95-A0F9-F021CE8BBA1A}
	EndGlobalSection
	GlobalSection(ExtensibilityGlobals) = postSolution
		SolutionGuid = {300B53F4-002E-4DE7-97E1-5ACD170F99F7}
	EndGlobalSection
EndGlobal
